
Microsoft Visual Studio Solution File, Format Version 12.00
# Visual Studio 15
VisualStudioVersion = 15.0.28307.757
MinimumVisualStudioVersion = 10.0.40219.1
Project("{FAE04EC0-301F-11D3-BF4B-00C04F79EFBC}") = "TwistedSoul", "TwistedSoul\TwistedSoul.csproj", "{6D448E57-A69C-407F-897E-30E0D62DA34E}"
EndProject
Global
	GlobalSection(SolutionConfigurationPlatforms) = preSolution
		Debug|x86 = Debug|x86
		Release|x86 = Release|x86
	EndGlobalSection
	GlobalSection(ProjectConfigurationPlatforms) = postSolution
		{6D448E57-A69C-407F-897E-30E0D62DA34E}.Debug|x86.ActiveCfg = Debug|x86
		{6D448E57-A69C-407F-897E-30E0D62DA34E}.Debug|x86.Build.0 = Debug|x86
		{6D448E57-A69C-407F-897E-30E0D62DA34E}.Release|x86.ActiveCfg = Release|x86
		{6D448E57-A69C-407F-897E-30E0D62DA34E}.Release|x86.Build.0 = Release|x86
	EndGlobalSection
	GlobalSection(SolutionProperties) = preSolution
		HideSolutionNode = FALSE
	EndGlobalSection
	GlobalSection(ExtensibilityGlobals) = postSolution
		SolutionGuid = {1376CE0E-2E68-4224-8F94-1BFAF0CC60DF}
	EndGlobalSection
EndGlobal
